
Microsoft Visual Studio Solution File, Format Version 12.00
# Visual Studio Version 16
VisualStudioVersion = 16.0.32126.315
MinimumVisualStudioVersion = 10.0.40219.1
Project("{FAE04EC0-301F-11D3-BF4B-00C04F79EFBC}") = "Persons", "Persons\Persons.csproj", "{4E11748C-8178-448C-ACD3-889AA44EF1CA}"
EndProject
Global
	GlobalSection(SolutionConfigurationPlatforms) = preSolution
		Debug|Any CPU = Debug|Any CPU
		Release|Any CPU = Release|Any CPU
	EndGlobalSection
	GlobalSection(ProjectConfigurationPlatforms) = postSolution
		{4E11748C-8178-448C-ACD3-889AA44EF1CA}.Debug|Any CPU.ActiveCfg = Debug|Any CPU
		{4E11748C-8178-448C-ACD3-889AA44EF1CA}.Debug|Any CPU.Build.0 = Debug|Any CPU
		{4E11748C-8178-448C-ACD3-889AA44EF1CA}.Release|Any CPU.ActiveCfg = Release|Any CPU
		{4E11748C-8178-448C-ACD3-889AA44EF1CA}.Release|Any CPU.Build.0 = Release|Any CPU
	EndGlobalSection
	GlobalSection(SolutionProperties) = preSolution
		HideSolutionNode = FALSE
	EndGlobalSection
	GlobalSection(ExtensibilityGlobals) = postSolution
		SolutionGuid = {933240CF-E570-44E4-9A0C-C93B46A69C44}
	EndGlobalSection
EndGlobal
